# This file is automatically @generated by Cargo.
# It is not intended for manual editing.
version = 4

[[package]]
name = "morons-cli"
version = "0.1.0"
dependencies = [
 "morons-protocol",
]

[[package]]
name = "morons-protocol"
version = "0.1.0"

[[package]]
name = "morons-server"
version = "0.1.0"
dependencies = [
 "morons-protocol",
]
